
Microsoft Visual Studio Solution File, Format Version 12.00
# Visual Studio 15
VisualStudioVersion = 15.0.27428.2037
MinimumVisualStudioVersion = 10.0.40219.1
Project("{FAE04EC0-301F-11D3-BF4B-00C04F79EFBC}") = "Blog", "Blog\Blog.csproj", "{E5D99F98-1FB2-4B1D-8BA2-8C68A1DAD168}"
EndProject
Global
	GlobalSection(SolutionConfigurationPlatforms) = preSolution
		Debug|Any CPU = Debug|Any CPU
		Release|Any CPU = Release|Any CPU
	EndGlobalSection
	GlobalSection(ProjectConfigurationPlatforms) = postSolution
		{E5D99F98-1FB2-4B1D-8BA2-8C68A1DAD168}.Debug|Any CPU.ActiveCfg = Debug|Any CPU
		{E5D99F98-1FB2-4B1D-8BA2-8C68A1DAD168}.Debug|Any CPU.Build.0 = Debug|Any CPU
		{E5D99F98-1FB2-4B1D-8BA2-8C68A1DAD168}.Release|Any CPU.ActiveCfg = Release|Any CPU
		{E5D99F98-1FB2-4B1D-8BA2-8C68A1DAD168}.Release|Any CPU.Build.0 = Release|Any CPU
	EndGlobalSection
	GlobalSection(SolutionProperties) = preSolution
		HideSolutionNode = FALSE
	EndGlobalSection
	GlobalSection(ExtensibilityGlobals) = postSolution
		SolutionGuid = {34D3AEE2-147E-47FF-A6CD-5A44BF80103F}
	EndGlobalSection
EndGlobal
